// !$*UTF8*$!
{
	archiveVersion = 1;
	classes = {
	};
	objectVersion = 54;
	objects = {

/* Begin PBXBuildFile section */
		0EF69F542611BBD600D502BB /* AppDelegate.swift in Sources */ = {isa = PBXBuildFile; fileRef = 0EF69F532611BBD600D502BB /* AppDelegate.swift */; };
		0EF69F582611BBD600D502BB /* ViewController.swift in Sources */ = {isa = PBXBuildFile; fileRef = 0EF69F572611BBD600D502BB /* ViewController.swift */; };
		0EF69F5B2611BBD600D502BB /* Main.storyboard in Resources */ = {isa = PBXBuildFile; fileRef = 0EF69F592611BBD600D502BB /* Main.storyboard */; };
		0EF69F5D2611BBD800D502BB /* Assets.xcassets in Resources */ = {isa = PBXBuildFile; fileRef = 0EF69F5C2611BBD800D502BB /* Assets.xcassets */; };
		0EF69F602611BBD800D502BB /* LaunchScreen.storyboard in Resources */ = {isa = PBXBuildFile; fileRef = 0EF69F5E2611BBD800D502BB /* LaunchScreen.storyboard */; };
		0EF69F852611BD5700D502BB /* SamplesModel.swift in Sources */ = {isa = PBXBuildFile; fileRef = 0EF69F842611BD5700D502BB /* SamplesModel.swift */; };
		844A713C2C25AD79008073DC /* MessageImageViewCell.swift in Sources */ = {isa = PBXBuildFile; fileRef = 844A713B2C25AD79008073DC /* MessageImageViewCell.swift */; };
		844A713E2C25ADB9008073DC /* MessageImageViewModel.swift in Sources */ = {isa = PBXBuildFile; fileRef = 844A713D2C25ADB9008073DC /* MessageImageViewModel.swift */; };
		8469C6532C2461820043D265 /* Session.swift in Sources */ = {isa = PBXBuildFile; fileRef = 8469C6522C2461820043D265 /* Session.swift */; };
		8469C6562C24627B0043D265 /* UserDefaults+Ext.swift in Sources */ = {isa = PBXBuildFile; fileRef = 8469C6552C24627B0043D265 /* UserDefaults+Ext.swift */; };
		8469C6582C2465270043D265 /* NetworkContext.swift in Sources */ = {isa = PBXBuildFile; fileRef = 8469C6572C2465270043D265 /* NetworkContext.swift */; };
		8469C65A2C2467BF0043D265 /* WebImageContext.swift in Sources */ = {isa = PBXBuildFile; fileRef = 8469C6592C2467BF0043D265 /* WebImageContext.swift */; };
		8469C65D2C2469DF0043D265 /* AlamofireImage in Frameworks */ = {isa = PBXBuildFile; productRef = 8469C65C2C2469DF0043D265 /* AlamofireImage */; };
		8469C65F2C24764C0043D265 /* CollectionView.swift in Sources */ = {isa = PBXBuildFile; fileRef = 8469C65E2C24764C0043D265 /* CollectionView.swift */; };
		8469C6612C24A4960043D265 /* Utils.swift in Sources */ = {isa = PBXBuildFile; fileRef = 8469C6602C24A4960043D265 /* Utils.swift */; };
		8469C6632C24A4DF0043D265 /* View.swift in Sources */ = {isa = PBXBuildFile; fileRef = 8469C6622C24A4DF0043D265 /* View.swift */; };
		8469C6652C24A5420043D265 /* Model.swift in Sources */ = {isa = PBXBuildFile; fileRef = 8469C6642C24A5420043D265 /* Model.swift */; };
		8469C6682C24AF3D0043D265 /* MessageViewCell.swift in Sources */ = {isa = PBXBuildFile; fileRef = 8469C6672C24AF3D0043D265 /* MessageViewCell.swift */; };
		8469C66A2C24AF7F0043D265 /* MessageViewAdapter.swift in Sources */ = {isa = PBXBuildFile; fileRef = 8469C6692C24AF7F0043D265 /* MessageViewAdapter.swift */; };
		8469C6712C24B8020043D265 /* MessageViewModel.swift in Sources */ = {isa = PBXBuildFile; fileRef = 8469C6702C24B8020043D265 /* MessageViewModel.swift */; };
		84C928952C25768000D577C1 /* SnapKit in Frameworks */ = {isa = PBXBuildFile; productRef = 84C928942C25768000D577C1 /* SnapKit */; };
		84F7386C2C25CD0500A729B4 /* MessageImageViewAdapter.swift in Sources */ = {isa = PBXBuildFile; fileRef = 84F7386B2C25CD0500A729B4 /* MessageImageViewAdapter.swift */; };
/* End PBXBuildFile section */

/* Begin PBXFileReference section */
		0EF69F502611BBD600D502BB /* TA1Swift.app */ = {isa = PBXFileReference; explicitFileType = wrapper.application; includeInIndex = 0; path = TA1Swift.app; sourceTree = BUILT_PRODUCTS_DIR; };
		0EF69F532611BBD600D502BB /* AppDelegate.swift */ = {isa = PBXFileReference; lastKnownFileType = sourcecode.swift; path = AppDelegate.swift; sourceTree = "<group>"; };
		0EF69F572611BBD600D502BB /* ViewController.swift */ = {isa = PBXFileReference; lastKnownFileType = sourcecode.swift; path = ViewController.swift; sourceTree = "<group>"; };
		0EF69F5A2611BBD600D502BB /* Base */ = {isa = PBXFileReference; lastKnownFileType = file.storyboard; name = Base; path = Base.lproj/Main.storyboard; sourceTree = "<group>"; };
		0EF69F5C2611BBD800D502BB /* Assets.xcassets */ = {isa = PBXFileReference; lastKnownFileType = folder.assetcatalog; path = Assets.xcassets; sourceTree = "<group>"; };
		0EF69F5F2611BBD800D502BB /* Base */ = {isa = PBXFileReference; lastKnownFileType = file.storyboard; name = Base; path = Base.lproj/LaunchScreen.storyboard; sourceTree = "<group>"; };
		0EF69F612611BBD800D502BB /* Info.plist */ = {isa = PBXFileReference; lastKnownFileType = text.plist.xml; path = Info.plist; sourceTree = "<group>"; };
		0EF69F692611BBE700D502BB /* TA1Swift.entitlements */ = {isa = PBXFileReference; lastKnownFileType = text.plist.entitlements; path = TA1Swift.entitlements; sourceTree = "<group>"; };
		0EF69F842611BD5700D502BB /* SamplesModel.swift */ = {isa = PBXFileReference; lastKnownFileType = sourcecode.swift; path = SamplesModel.swift; sourceTree = "<group>"; };
		844A713B2C25AD79008073DC /* MessageImageViewCell.swift */ = {isa = PBXFileReference; lastKnownFileType = sourcecode.swift; path = MessageImageViewCell.swift; sourceTree = "<group>"; };
		844A713D2C25ADB9008073DC /* MessageImageViewModel.swift */ = {isa = PBXFileReference; lastKnownFileType = sourcecode.swift; path = MessageImageViewModel.swift; sourceTree = "<group>"; };
		8469C6522C2461820043D265 /* Session.swift */ = {isa = PBXFileReference; lastKnownFileType = sourcecode.swift; path = Session.swift; sourceTree = "<group>"; };
		8469C6552C24627B0043D265 /* UserDefaults+Ext.swift */ = {isa = PBXFileReference; lastKnownFileType = sourcecode.swift; path = "UserDefaults+Ext.swift"; sourceTree = "<group>"; };
		8469C6572C2465270043D265 /* NetworkContext.swift */ = {isa = PBXFileReference; lastKnownFileType = sourcecode.swift; path = NetworkContext.swift; sourceTree = "<group>"; };
		8469C6592C2467BF0043D265 /* WebImageContext.swift */ = {isa = PBXFileReference; lastKnownFileType = sourcecode.swift; path = WebImageContext.swift; sourceTree = "<group>"; };
		8469C65E2C24764C0043D265 /* CollectionView.swift */ = {isa = PBXFileReference; lastKnownFileType = sourcecode.swift; path = CollectionView.swift; sourceTree = "<group>"; };
		8469C6602C24A4960043D265 /* Utils.swift */ = {isa = PBXFileReference; lastKnownFileType = sourcecode.swift; path = Utils.swift; sourceTree = "<group>"; };
		8469C6622C24A4DF0043D265 /* View.swift */ = {isa = PBXFileReference; lastKnownFileType = sourcecode.swift; path = View.swift; sourceTree = "<group>"; };
		8469C6642C24A5420043D265 /* Model.swift */ = {isa = PBXFileReference; lastKnownFileType = sourcecode.swift; path = Model.swift; sourceTree = "<group>"; };
		8469C6672C24AF3D0043D265 /* MessageViewCell.swift */ = {isa = PBXFileReference; lastKnownFileType = sourcecode.swift; path = MessageViewCell.swift; sourceTree = "<group>"; };
		8469C6692C24AF7F0043D265 /* MessageViewAdapter.swift */ = {isa = PBXFileReference; lastKnownFileType = sourcecode.swift; path = MessageViewAdapter.swift; sourceTree = "<group>"; };
		8469C6702C24B8020043D265 /* MessageViewModel.swift */ = {isa = PBXFileReference; lastKnownFileType = sourcecode.swift; path = MessageViewModel.swift; sourceTree = "<group>"; };
		84F7386B2C25CD0500A729B4 /* MessageImageViewAdapter.swift */ = {isa = PBXFileReference; lastKnownFileType = sourcecode.swift; path = MessageImageViewAdapter.swift; sourceTree = "<group>"; };
/* End PBXFileReference section */

/* Begin PBXFrameworksBuildPhase section */
		0EF69F4D2611BBD600D502BB /* Frameworks */ = {
			isa = PBXFrameworksBuildPhase;
			buildActionMask = 2147483647;
			files = (
				8469C65D2C2469DF0043D265 /* AlamofireImage in Frameworks */,
				84C928952C25768000D577C1 /* SnapKit in Frameworks */,
			);
			runOnlyForDeploymentPostprocessing = 0;
		};
/* End PBXFrameworksBuildPhase section */

/* Begin PBXGroup section */
		0EF69F472611BBD600D502BB = {
			isa = PBXGroup;
			children = (
				0EF69F522611BBD600D502BB /* TA1Swift */,
				0EF69F512611BBD600D502BB /* Products */,
			);
			sourceTree = "<group>";
		};
		0EF69F512611BBD600D502BB /* Products */ = {
			isa = PBXGroup;
			children = (
				0EF69F502611BBD600D502BB /* TA1Swift.app */,
			);
			name = Products;
			sourceTree = "<group>";
		};
		0EF69F522611BBD600D502BB /* TA1Swift */ = {
			isa = PBXGroup;
			children = (
				8469C6472C2460C60043D265 /* BaseClasses */,
				8469C66B2C24B5D60043D265 /* Model */,
				8469C6662C24AF190043D265 /* MessageView */,
				844A713A2C25AD53008073DC /* MessageImageView */,
				0EF69F692611BBE700D502BB /* TA1Swift.entitlements */,
				0EF69F532611BBD600D502BB /* AppDelegate.swift */,
				0EF69F572611BBD600D502BB /* ViewController.swift */,
				0EF69F592611BBD600D502BB /* Main.storyboard */,
				0EF69F5C2611BBD800D502BB /* Assets.xcassets */,
				0EF69F5E2611BBD800D502BB /* LaunchScreen.storyboard */,
				0EF69F612611BBD800D502BB /* Info.plist */,
			);
			path = TA1Swift;
			sourceTree = "<group>";
		};
		0EF69F832611BD4200D502BB /* Model */ = {
			isa = PBXGroup;
			children = (
				8469C6642C24A5420043D265 /* Model.swift */,
			);
			path = Model;
			sourceTree = "<group>";
		};
		844A713A2C25AD53008073DC /* MessageImageView */ = {
			isa = PBXGroup;
			children = (
				844A713B2C25AD79008073DC /* MessageImageViewCell.swift */,
				84F7386B2C25CD0500A729B4 /* MessageImageViewAdapter.swift */,
				844A713D2C25ADB9008073DC /* MessageImageViewModel.swift */,
			);
			path = MessageImageView;
			sourceTree = "<group>";
		};
		8469C6472C2460C60043D265 /* BaseClasses */ = {
			isa = PBXGroup;
			children = (
				8469C6542C24620A0043D265 /* Extensions */,
				8469C64B2C2461040043D265 /* Networking */,
				8469C6482C2460E30043D265 /* Views */,
				0EF69F832611BD4200D502BB /* Model */,
			);
			path = BaseClasses;
			sourceTree = "<group>";
		};
		8469C6482C2460E30043D265 /* Views */ = {
			isa = PBXGroup;
			children = (
				8469C65E2C24764C0043D265 /* CollectionView.swift */,
				8469C6622C24A4DF0043D265 /* View.swift */,
			);
			path = Views;
			sourceTree = "<group>";
		};
		8469C64B2C2461040043D265 /* Networking */ = {
			isa = PBXGroup;
			children = (
				8469C6522C2461820043D265 /* Session.swift */,
				8469C6592C2467BF0043D265 /* WebImageContext.swift */,
				8469C6572C2465270043D265 /* NetworkContext.swift */,
			);
			path = Networking;
			sourceTree = "<group>";
		};
		8469C6542C24620A0043D265 /* Extensions */ = {
			isa = PBXGroup;
			children = (
				8469C6552C24627B0043D265 /* UserDefaults+Ext.swift */,
				8469C6602C24A4960043D265 /* Utils.swift */,
			);
			path = Extensions;
			sourceTree = "<group>";
		};
		8469C6662C24AF190043D265 /* MessageView */ = {
			isa = PBXGroup;
			children = (
				8469C6672C24AF3D0043D265 /* MessageViewCell.swift */,
				8469C6692C24AF7F0043D265 /* MessageViewAdapter.swift */,
				8469C6702C24B8020043D265 /* MessageViewModel.swift */,
			);
			path = MessageView;
			sourceTree = "<group>";
		};
		8469C66B2C24B5D60043D265 /* Model */ = {
			isa = PBXGroup;
			children = (
				0EF69F842611BD5700D502BB /* SamplesModel.swift */,
			);
			path = Model;
			sourceTree = "<group>";
		};
/* End PBXGroup section */

/* Begin PBXNativeTarget section */
		0EF69F4F2611BBD600D502BB /* TA1Swift */ = {
			isa = PBXNativeTarget;
			buildConfigurationList = 0EF69F642611BBD800D502BB /* Build configuration list for PBXNativeTarget "TA1Swift" */;
			buildPhases = (
				0EF69F4C2611BBD600D502BB /* Sources */,
				0EF69F4D2611BBD600D502BB /* Frameworks */,
				0EF69F4E2611BBD600D502BB /* Resources */,
			);
			buildRules = (
			);
			dependencies = (
			);
			name = TA1Swift;
			packageProductDependencies = (
				8469C65C2C2469DF0043D265 /* AlamofireImage */,
				84C928942C25768000D577C1 /* SnapKit */,
			);
			productName = TA1Swift;
			productReference = 0EF69F502611BBD600D502BB /* TA1Swift.app */;
			productType = "com.apple.product-type.application";
		};
/* End PBXNativeTarget section */

/* Begin PBXProject section */
		0EF69F482611BBD600D502BB /* Project object */ = {
			isa = PBXProject;
			attributes = {
				LastSwiftUpdateCheck = 1240;
				LastUpgradeCheck = 1240;
				TargetAttributes = {
					0EF69F4F2611BBD600D502BB = {
						CreatedOnToolsVersion = 12.4;
					};
				};
			};
			buildConfigurationList = 0EF69F4B2611BBD600D502BB /* Build configuration list for PBXProject "TA1Swift" */;
			compatibilityVersion = "Xcode 9.3";
			developmentRegion = en;
			hasScannedForEncodings = 0;
			knownRegions = (
				en,
				Base,
			);
			mainGroup = 0EF69F472611BBD600D502BB;
			packageReferences = (
				8469C65B2C2469DF0043D265 /* XCRemoteSwiftPackageReference "AlamofireImage" */,
				84C928932C25768000D577C1 /* XCRemoteSwiftPackageReference "SnapKit" */,
			);
			productRefGroup = 0EF69F512611BBD600D502BB /* Products */;
			projectDirPath = "";
			projectRoot = "";
			targets = (
				0EF69F4F2611BBD600D502BB /* TA1Swift */,
			);
		};
/* End PBXProject section */

/* Begin PBXResourcesBuildPhase section */
		0EF69F4E2611BBD600D502BB /* Resources */ = {
			isa = PBXResourcesBuildPhase;
			buildActionMask = 2147483647;
			files = (
				0EF69F602611BBD800D502BB /* LaunchScreen.storyboard in Resources */,
				0EF69F5D2611BBD800D502BB /* Assets.xcassets in Resources */,
				0EF69F5B2611BBD600D502BB /* Main.storyboard in Resources */,
			);
			runOnlyForDeploymentPostprocessing = 0;
		};
/* End PBXResourcesBuildPhase section */

/* Begin PBXSourcesBuildPhase section */
		0EF69F4C2611BBD600D502BB /* Sources */ = {
			isa = PBXSourcesBuildPhase;
			buildActionMask = 2147483647;
			files = (
				8469C6682C24AF3D0043D265 /* MessageViewCell.swift in Sources */,
				0EF69F582611BBD600D502BB /* ViewController.swift in Sources */,
				8469C65F2C24764C0043D265 /* CollectionView.swift in Sources */,
				8469C66A2C24AF7F0043D265 /* MessageViewAdapter.swift in Sources */,
				8469C6712C24B8020043D265 /* MessageViewModel.swift in Sources */,
				8469C6612C24A4960043D265 /* Utils.swift in Sources */,
				84F7386C2C25CD0500A729B4 /* MessageImageViewAdapter.swift in Sources */,
				0EF69F852611BD5700D502BB /* SamplesModel.swift in Sources */,
				8469C6532C2461820043D265 /* Session.swift in Sources */,
				8469C6632C24A4DF0043D265 /* View.swift in Sources */,
				8469C65A2C2467BF0043D265 /* WebImageContext.swift in Sources */,
				844A713E2C25ADB9008073DC /* MessageImageViewModel.swift in Sources */,
				844A713C2C25AD79008073DC /* MessageImageViewCell.swift in Sources */,
				8469C6582C2465270043D265 /* NetworkContext.swift in Sources */,
				8469C6652C24A5420043D265 /* Model.swift in Sources */,
				8469C6562C24627B0043D265 /* UserDefaults+Ext.swift in Sources */,
				0EF69F542611BBD600D502BB /* AppDelegate.swift in Sources */,
			);
			runOnlyForDeploymentPostprocessing = 0;
		};
/* End PBXSourcesBuildPhase section */

/* Begin PBXVariantGroup section */
		0EF69F592611BBD600D502BB /* Main.storyboard */ = {
			isa = PBXVariantGroup;
			children = (
				0EF69F5A2611BBD600D502BB /* Base */,
			);
			name = Main.storyboard;
			sourceTree = "<group>";
		};
		0EF69F5E2611BBD800D502BB /* LaunchScreen.storyboard */ = {
			isa = PBXVariantGroup;
			children = (
				0EF69F5F2611BBD800D502BB /* Base */,
			);
			name = LaunchScreen.storyboard;
			sourceTree = "<group>";
		};
/* End PBXVariantGroup section */

/* Begin XCBuildConfiguration section */
		0EF69F622611BBD800D502BB /* Debug */ = {
			isa = XCBuildConfiguration;
			buildSettings = {
				ALWAYS_SEARCH_USER_PATHS = NO;
				CLANG_ANALYZER_NONNULL = YES;
				CLANG_ANALYZER_NUMBER_OBJECT_CONVERSION = YES_AGGRESSIVE;
				CLANG_CXX_LANGUAGE_STANDARD = "gnu++14";
				CLANG_CXX_LIBRARY = "libc++";
				CLANG_ENABLE_MODULES = YES;
				CLANG_ENABLE_OBJC_ARC = YES;
				CLANG_ENABLE_OBJC_WEAK = YES;
				CLANG_WARN_BLOCK_CAPTURE_AUTORELEASING = YES;
				CLANG_WARN_BOOL_CONVERSION = YES;
				CLANG_WARN_COMMA = YES;
				CLANG_WARN_CONSTANT_CONVERSION = YES;
				CLANG_WARN_DEPRECATED_OBJC_IMPLEMENTATIONS = YES;
				CLANG_WARN_DIRECT_OBJC_ISA_USAGE = YES_ERROR;
				CLANG_WARN_DOCUMENTATION_COMMENTS = YES;
				CLANG_WARN_EMPTY_BODY = YES;
				CLANG_WARN_ENUM_CONVERSION = YES;
				CLANG_WARN_INFINITE_RECURSION = YES;
				CLANG_WARN_INT_CONVERSION = YES;
				CLANG_WARN_NON_LITERAL_NULL_CONVERSION = YES;
				CLANG_WARN_OBJC_IMPLICIT_RETAIN_SELF = YES;
				CLANG_WARN_OBJC_LITERAL_CONVERSION = YES;
				CLANG_WARN_OBJC_ROOT_CLASS = YES_ERROR;
				CLANG_WARN_QUOTED_INCLUDE_IN_FRAMEWORK_HEADER = YES;
				CLANG_WARN_RANGE_LOOP_ANALYSIS = YES;
				CLANG_WARN_STRICT_PROTOTYPES = YES;
				CLANG_WARN_SUSPICIOUS_MOVE = YES;
				CLANG_WARN_UNGUARDED_AVAILABILITY = YES_AGGRESSIVE;
				CLANG_WARN_UNREACHABLE_CODE = YES;
				CLANG_WARN__DUPLICATE_METHOD_MATCH = YES;
				COPY_PHASE_STRIP = NO;
				DEBUG_INFORMATION_FORMAT = dwarf;
				ENABLE_STRICT_OBJC_MSGSEND = YES;
				ENABLE_TESTABILITY = YES;
				GCC_C_LANGUAGE_STANDARD = gnu11;
				GCC_DYNAMIC_NO_PIC = NO;
				GCC_NO_COMMON_BLOCKS = YES;
				GCC_OPTIMIZATION_LEVEL = 0;
				GCC_PREPROCESSOR_DEFINITIONS = (
					"DEBUG=1",
					"$(inherited)",
				);
				GCC_WARN_64_TO_32_BIT_CONVERSION = YES;
				GCC_WARN_ABOUT_RETURN_TYPE = YES_ERROR;
				GCC_WARN_UNDECLARED_SELECTOR = YES;
				GCC_WARN_UNINITIALIZED_AUTOS = YES_AGGRESSIVE;
				GCC_WARN_UNUSED_FUNCTION = YES;
				GCC_WARN_UNUSED_VARIABLE = YES;
				IPHONEOS_DEPLOYMENT_TARGET = 14.4;
				MTL_ENABLE_DEBUG_INFO = INCLUDE_SOURCE;
				MTL_FAST_MATH = YES;
				ONLY_ACTIVE_ARCH = YES;
				SDKROOT = iphoneos;
				SWIFT_ACTIVE_COMPILATION_CONDITIONS = DEBUG;
				SWIFT_OPTIMIZATION_LEVEL = "-Onone";
			};
			name = Debug;
		};
		0EF69F632611BBD800D502BB /* Release */ = {
			isa = XCBuildConfiguration;
			buildSettings = {
				ALWAYS_SEARCH_USER_PATHS = NO;
				CLANG_ANALYZER_NONNULL = YES;
				CLANG_ANALYZER_NUMBER_OBJECT_CONVERSION = YES_AGGRESSIVE;
				CLANG_CXX_LANGUAGE_STANDARD = "gnu++14";
				CLANG_CXX_LIBRARY = "libc++";
				CLANG_ENABLE_MODULES = YES;
				CLANG_ENABLE_OBJC_ARC = YES;
				CLANG_ENABLE_OBJC_WEAK = YES;
				CLANG_WARN_BLOCK_CAPTURE_AUTORELEASING = YES;
				CLANG_WARN_BOOL_CONVERSION = YES;
				CLANG_WARN_COMMA = YES;
				CLANG_WARN_CONSTANT_CONVERSION = YES;
				CLANG_WARN_DEPRECATED_OBJC_IMPLEMENTATIONS = YES;
				CLANG_WARN_DIRECT_OBJC_ISA_USAGE = YES_ERROR;
				CLANG_WARN_DOCUMENTATION_COMMENTS = YES;
				CLANG_WARN_EMPTY_BODY = YES;
				CLANG_WARN_ENUM_CONVERSION = YES;
				CLANG_WARN_INFINITE_RECURSION = YES;
				CLANG_WARN_INT_CONVERSION = YES;
				CLANG_WARN_NON_LITERAL_NULL_CONVERSION = YES;
				CLANG_WARN_OBJC_IMPLICIT_RETAIN_SELF = YES;
				CLANG_WARN_OBJC_LITERAL_CONVERSION = YES;
				CLANG_WARN_OBJC_ROOT_CLASS = YES_ERROR;
				CLANG_WARN_QUOTED_INCLUDE_IN_FRAMEWORK_HEADER = YES;
				CLANG_WARN_RANGE_LOOP_ANALYSIS = YES;
				CLANG_WARN_STRICT_PROTOTYPES = YES;
				CLANG_WARN_SUSPICIOUS_MOVE = YES;
				CLANG_WARN_UNGUARDED_AVAILABILITY = YES_AGGRESSIVE;
				CLANG_WARN_UNREACHABLE_CODE = YES;
				CLANG_WARN__DUPLICATE_METHOD_MATCH = YES;
				COPY_PHASE_STRIP = NO;
				DEBUG_INFORMATION_FORMAT = "dwarf-with-dsym";
				ENABLE_NS_ASSERTIONS = NO;
				ENABLE_STRICT_OBJC_MSGSEND = YES;
				GCC_C_LANGUAGE_STANDARD = gnu11;
				GCC_NO_COMMON_BLOCKS = YES;
				GCC_WARN_64_TO_32_BIT_CONVERSION = YES;
				GCC_WARN_ABOUT_RETURN_TYPE = YES_ERROR;
				GCC_WARN_UNDECLARED_SELECTOR = YES;
				GCC_WARN_UNINITIALIZED_AUTOS = YES_AGGRESSIVE;
				GCC_WARN_UNUSED_FUNCTION = YES;
				GCC_WARN_UNUSED_VARIABLE = YES;
				IPHONEOS_DEPLOYMENT_TARGET = 14.4;
				MTL_ENABLE_DEBUG_INFO = NO;
				MTL_FAST_MATH = YES;
				SDKROOT = iphoneos;
				SWIFT_COMPILATION_MODE = wholemodule;
				SWIFT_OPTIMIZATION_LEVEL = "-O";
				VALIDATE_PRODUCT = YES;
			};
			name = Release;
		};
		0EF69F652611BBD800D502BB /* Debug */ = {
			isa = XCBuildConfiguration;
			buildSettings = {
				ASSETCATALOG_COMPILER_APPICON_NAME = AppIcon;
				ASSETCATALOG_COMPILER_GLOBAL_ACCENT_COLOR_NAME = AccentColor;
				CODE_SIGN_ENTITLEMENTS = TA1Swift/TA1Swift.entitlements;
				CODE_SIGN_STYLE = Automatic;
				DEVELOPMENT_TEAM = S848HYNJH5;
				INFOPLIST_FILE = TA1Swift/Info.plist;
				IPHONEOS_DEPLOYMENT_TARGET = 13.0;
				LD_RUNPATH_SEARCH_PATHS = (
					"$(inherited)",
					"@executable_path/Frameworks",
				);
				MARKETING_VERSION = 0.0.1;
				PRODUCT_BUNDLE_IDENTIFIER = com.itaces.test.TA1Swift;
				PRODUCT_NAME = "$(TARGET_NAME)";
				SUPPORTS_MACCATALYST = YES;
				SWIFT_VERSION = 5.0;
				TARGETED_DEVICE_FAMILY = "1,2";
			};
			name = Debug;
		};
		0EF69F662611BBD800D502BB /* Release */ = {
			isa = XCBuildConfiguration;
			buildSettings = {
				ASSETCATALOG_COMPILER_APPICON_NAME = AppIcon;
				ASSETCATALOG_COMPILER_GLOBAL_ACCENT_COLOR_NAME = AccentColor;
				CODE_SIGN_ENTITLEMENTS = TA1Swift/TA1Swift.entitlements;
				CODE_SIGN_STYLE = Automatic;
				DEVELOPMENT_TEAM = S848HYNJH5;
				INFOPLIST_FILE = TA1Swift/Info.plist;
				IPHONEOS_DEPLOYMENT_TARGET = 13.0;
				LD_RUNPATH_SEARCH_PATHS = (
					"$(inherited)",
					"@executable_path/Frameworks",
				);
				MARKETING_VERSION = 0.0.1;
				PRODUCT_BUNDLE_IDENTIFIER = com.itaces.test.TA1Swift;
				PRODUCT_NAME = "$(TARGET_NAME)";
				SUPPORTS_MACCATALYST = YES;
				SWIFT_VERSION = 5.0;
				TARGETED_DEVICE_FAMILY = "1,2";
			};
			name = Release;
		};
/* End XCBuildConfiguration section */

/* Begin XCConfigurationList section */
		0EF69F4B2611BBD600D502BB /* Build configuration list for PBXProject "TA1Swift" */ = {
			isa = XCConfigurationList;
			buildConfigurations = (
				0EF69F622611BBD800D502BB /* Debug */,
				0EF69F632611BBD800D502BB /* Release */,
			);
			defaultConfigurationIsVisible = 0;
			defaultConfigurationName = Release;
		};
		0EF69F642611BBD800D502BB /* Build configuration list for PBXNativeTarget "TA1Swift" */ = {
			isa = XCConfigurationList;
			buildConfigurations = (
				0EF69F652611BBD800D502BB /* Debug */,
				0EF69F662611BBD800D502BB /* Release */,
			);
			defaultConfigurationIsVisible = 0;
			defaultConfigurationName = Release;
		};
/* End XCConfigurationList section */

/* Begin XCRemoteSwiftPackageReference section */
		8469C65B2C2469DF0043D265 /* XCRemoteSwiftPackageReference "AlamofireImage" */ = {
			isa = XCRemoteSwiftPackageReference;
			repositoryURL = "https://github.com/Alamofire/AlamofireImage.git";
			requirement = {
				kind = upToNextMajorVersion;
				minimumVersion = 4.3.0;
			};
		};
		84C928932C25768000D577C1 /* XCRemoteSwiftPackageReference "SnapKit" */ = {
			isa = XCRemoteSwiftPackageReference;
			repositoryURL = "https://github.com/SnapKit/SnapKit.git";
			requirement = {
				kind = upToNextMajorVersion;
				minimumVersion = 5.7.1;
			};
		};
/* End XCRemoteSwiftPackageReference section */

/* Begin XCSwiftPackageProductDependency section */
		8469C65C2C2469DF0043D265 /* AlamofireImage */ = {
			isa = XCSwiftPackageProductDependency;
			package = 8469C65B2C2469DF0043D265 /* XCRemoteSwiftPackageReference "AlamofireImage" */;
			productName = AlamofireImage;
		};
		84C928942C25768000D577C1 /* SnapKit */ = {
			isa = XCSwiftPackageProductDependency;
			package = 84C928932C25768000D577C1 /* XCRemoteSwiftPackageReference "SnapKit" */;
			productName = SnapKit;
		};
/* End XCSwiftPackageProductDependency section */
	};
	rootObject = 0EF69F482611BBD600D502BB /* Project object */;
}
